# This file is generated by running "yarn install" inside your project.
# Manual changes might be lost - proceed with caution!

__metadata:
  version: 4
  cacheKey: 7

"@jingbh/project-index-updater@workspace:.":
  version: 0.0.0-use.local
  resolution: "@jingbh/project-index-updater@workspace:."
  dependencies:
    "@types/rimraf": ^3.0.2
    "@types/signale": ^1.4.4
    dotenv: ^16.0.1
    octokit: ^1.8.0
    rimraf: ^3.0.2
    signale: ^1.4.0
    yaml: ^2.1.1
  languageName: unknown
  linkType: soft

"@octokit/app@npm:^12.0.4":
  version: 12.0.5
  resolution: "@octokit/app@npm:12.0.5"
  dependencies:
    "@octokit/auth-app": ^3.3.0
    "@octokit/auth-unauthenticated": ^2.0.4
    "@octokit/core": ^3.4.0
    "@octokit/oauth-app": ^3.3.2
    "@octokit/plugin-paginate-rest": ^2.13.3
    "@octokit/types": ^6.27.1
    "@octokit/webhooks": ^9.0.1
  checksum: 5129505b9e6485dba09eca0eedb23cf633c647d2f4a37e0f01fc8c6727c73784be96d36a5c54e44f50b74fbcdffcd6f4a6dc55a8fb131edc4dcf7fe4c2eeb25e
  languageName: node
  linkType: hard

"@octokit/auth-app@npm:^3.3.0":
  version: 3.6.1
  resolution: "@octokit/auth-app@npm:3.6.1"
  dependencies:
    "@octokit/auth-oauth-app": ^4.3.0
    "@octokit/auth-oauth-user": ^1.2.3
    "@octokit/request": ^5.6.0
    "@octokit/request-error": ^2.1.0
    "@octokit/types": ^6.0.3
    "@types/lru-cache": ^5.1.0
    deprecation: ^2.3.1
    lru-cache: ^6.0.0
    universal-github-app-jwt: ^1.0.1
    universal-user-agent: ^6.0.0
  checksum: 46a8f74e87f53431a009d7fed137f0d8709cbae1370e8f3c8f6ec1a1b673dcaaf7e26c6d761b635bd1bb958ebf5634afc28df0a8d1797b56e912ad4f3b944850
  languageName: node
  linkType: hard

"@octokit/auth-oauth-app@npm:^4.0.0, @octokit/auth-oauth-app@npm:^4.3.0":
  version: 4.3.1
  resolution: "@octokit/auth-oauth-app@npm:4.3.1"
  dependencies:
    "@octokit/auth-oauth-device": ^3.1.1
    "@octokit/auth-oauth-user": ^1.2.1
    "@octokit/request": ^5.6.3
    "@octokit/types": ^6.0.3
    "@types/btoa-lite": ^1.0.0
    btoa-lite: ^1.0.0
    universal-user-agent: ^6.0.0
  checksum: 18d9e7a4d7e8418aa2eb0195027de00095fe6b1cdee434061d8e1908a2763a85b1f6e468d1c4a95692021e5faaae59c90f6cbf5970d63d2c9b549a699d7aabf5
  languageName: node
  linkType: hard

"@octokit/auth-oauth-device@npm:^3.1.1":
  version: 3.1.2
  resolution: "@octokit/auth-oauth-device@npm:3.1.2"
  dependencies:
    "@octokit/oauth-methods": ^1.1.0
    "@octokit/request": ^5.4.14
    "@octokit/types": ^6.10.0
    universal-user-agent: ^6.0.0
  checksum: dd626c4294f71e63643598ef2645a28402f8842471f1da13c5b43af9f93d578fe04468bbbb6621d3795592e61a7d9cbfcccd0d194b49718589052c2778890fea
  languageName: node
  linkType: hard

"@octokit/auth-oauth-user@npm:^1.2.1, @octokit/auth-oauth-user@npm:^1.2.3, @octokit/auth-oauth-user@npm:^1.3.0":
  version: 1.3.0
  resolution: "@octokit/auth-oauth-user@npm:1.3.0"
  dependencies:
    "@octokit/auth-oauth-device": ^3.1.1
    "@octokit/oauth-methods": ^1.1.0
    "@octokit/request": ^5.4.14
    "@octokit/types": ^6.12.2
    btoa-lite: ^1.0.0
    universal-user-agent: ^6.0.0
  checksum: 5d583164f4831c9f92635ea31fd2e4ddafd02eda78477c67336c93782b53fd6a6e623f880760253f19435539928e54ea54be083dab25f964ecc0e782e674b8d2
  languageName: node
  linkType: hard

"@octokit/auth-token@npm:^2.4.4":
  version: 2.5.0
  resolution: "@octokit/auth-token@npm:2.5.0"
  dependencies:
    "@octokit/types": ^6.0.3
  checksum: d971ca2b80733f3a11964404cbe298b1859a90e89a1697f6ede2424072e93866ab06d5734b77e60b371b211c94a6586944108b6c74cebd3d569a2e4740091455
  languageName: node
  linkType: hard

"@octokit/auth-unauthenticated@npm:^2.0.0, @octokit/auth-unauthenticated@npm:^2.0.4":
  version: 2.1.0
  resolution: "@octokit/auth-unauthenticated@npm:2.1.0"
  dependencies:
    "@octokit/request-error": ^2.1.0
    "@octokit/types": ^6.0.3
  checksum: 9d5577c856c10d252efd4845b0d9a88288739afac695127b2d3d79722db02f7de2a6cc982c15dffb0a1f40bf82793416529f45c48f878f9de573e8d1d6e0b43f
  languageName: node
  linkType: hard

"@octokit/core@npm:^3.3.2, @octokit/core@npm:^3.4.0, @octokit/core@npm:^3.5.1":
  version: 3.6.0
  resolution: "@octokit/core@npm:3.6.0"
  dependencies:
    "@octokit/auth-token": ^2.4.4
    "@octokit/graphql": ^4.5.8
    "@octokit/request": ^5.6.3
    "@octokit/request-error": ^2.0.5
    "@octokit/types": ^6.0.3
    before-after-hook: ^2.2.0
    universal-user-agent: ^6.0.0
  checksum: 148e7f53e665309002bb3f344dccf126692d7e59015a80f042e9fafcf472227906fbaacb324dbdbae9bc9148274dad5b531b78e992c1d03b0ee1fad41c3a0fc8
  languageName: node
  linkType: hard

"@octokit/endpoint@npm:^6.0.1":
  version: 6.0.12
  resolution: "@octokit/endpoint@npm:6.0.12"
  dependencies:
    "@octokit/types": ^6.0.3
    is-plain-object: ^5.0.0
    universal-user-agent: ^6.0.0
  checksum: ff92bc2608a87b04f2d004acefa742dc2f1d471c166238cd675964a1f15d7e82053b0955d2b765f29e14918ce1019cb2e8f6b0fea3f010ba6eb004a352a06b50
  languageName: node
  linkType: hard

"@octokit/graphql@npm:^4.5.8":
  version: 4.8.0
  resolution: "@octokit/graphql@npm:4.8.0"
  dependencies:
    "@octokit/request": ^5.6.0
    "@octokit/types": ^6.0.3
    universal-user-agent: ^6.0.0
  checksum: 8ff5cba1b6a2e41b6a1472ad6881a6fae96fa811cd2b0c15f9c98ae8dad5a2423e8a13adcda87cc2c0d8e514fae61134a7d40cf7ad8b91cf4ceea3260a340a8e
  languageName: node
  linkType: hard

"@octokit/oauth-app@npm:^3.3.2, @octokit/oauth-app@npm:^3.5.1":
  version: 3.6.2
  resolution: "@octokit/oauth-app@npm:3.6.2"
  dependencies:
    "@octokit/auth-oauth-app": ^4.0.0
    "@octokit/auth-oauth-user": ^1.3.0
    "@octokit/auth-unauthenticated": ^2.0.0
    "@octokit/core": ^3.3.2
    "@octokit/oauth-authorization-url": ^4.2.1
    "@octokit/oauth-methods": ^1.2.2
    "@types/aws-lambda": ^8.10.83
    aws-lambda: ^1.0.7
    fromentries: ^1.3.1
    universal-user-agent: ^6.0.0
  dependenciesMeta:
    aws-lambda:
      optional: true
  checksum: 3d6a675fc074b8d84f56156f63116576710ed7406bdc9e7acf7ed938b3273bb8974cf47deefa13bb7c8c203fab5a67a5d4a225c2a3b43b9ea072c4606e98a3a9
  languageName: node
  linkType: hard

"@octokit/oauth-authorization-url@npm:^4.2.1, @octokit/oauth-authorization-url@npm:^4.3.1":
  version: 4.3.3
  resolution: "@octokit/oauth-authorization-url@npm:4.3.3"
  checksum: c728188c4abc06b69c8cabd956d6cf00f02b3f901d7a18ba35eb9769ae557c5e8246b1542e85be0354801603d07eb2c3f098ad727ea43aa2dcd00b498aff1876
  languageName: node
  linkType: hard

"@octokit/oauth-methods@npm:^1.1.0, @octokit/oauth-methods@npm:^1.2.2":
  version: 1.2.6
  resolution: "@octokit/oauth-methods@npm:1.2.6"
  dependencies:
    "@octokit/oauth-authorization-url": ^4.3.1
    "@octokit/request": ^5.4.14
    "@octokit/request-error": ^2.0.5
    "@octokit/types": ^6.12.2
    btoa-lite: ^1.0.0
  checksum: f9e65599b372bcda34df1adad2df4d5da1c88fbb91021623578b040e396415593a73761fb0eaeb12a9193ba8f035bc889eb96bb08e4bd65e0495a318428d64bb
  languageName: node
  linkType: hard

"@octokit/openapi-types@npm:^12.4.0":
  version: 12.4.0
  resolution: "@octokit/openapi-types@npm:12.4.0"
  checksum: 223765bf646e1a51a9699a1c1eadd82ad0347769f9cebc352cb0d6861473c547cdb6b12f9e15575dda04c3df7351b540e9445c1d37eff3e9c246059bc5a9a2de
  languageName: node
  linkType: hard

"@octokit/plugin-paginate-rest@npm:^2.13.3, @octokit/plugin-paginate-rest@npm:^2.18.0":
  version: 2.19.0
  resolution: "@octokit/plugin-paginate-rest@npm:2.19.0"
  dependencies:
    "@octokit/types": ^6.36.0
  peerDependencies:
    "@octokit/core": ">=2"
  checksum: 3eb9d2e762a1547a795d9ebf3d6ba95e469c37d9436aca98224779bdf86f73aed6e92f780134d9bb8bcfd7adeeda1b2536030099761010857bee73540e669ba4
  languageName: node
  linkType: hard

"@octokit/plugin-rest-endpoint-methods@npm:^5.14.0":
  version: 5.15.0
  resolution: "@octokit/plugin-rest-endpoint-methods@npm:5.15.0"
  dependencies:
    "@octokit/types": ^6.36.0
    deprecation: ^2.3.1
  peerDependencies:
    "@octokit/core": ">=3"
  checksum: 3bceecad867ae09fd6a6fea2bb4bde93e4361837a3179fa5303553e264d967339fd7d80f6418fea4be3e36eef7c008c54efd814d5a11beea2117cb2f55507a29
  languageName: node
  linkType: hard

"@octokit/plugin-retry@npm:^3.0.9":
  version: 3.0.9
  resolution: "@octokit/plugin-retry@npm:3.0.9"
  dependencies:
    "@octokit/types": ^6.0.3
    bottleneck: ^2.15.3
  checksum: 8b171267b9929d0dc103dce146de86baffd397362c8a40434e94f30aaa400394645d53f712f2c7433fc9ab36f60a852a6bc3717784d30a45241b2688d4ba163c
  languageName: node
  linkType: hard

"@octokit/plugin-throttling@npm:^3.5.1":
  version: 3.7.0
  resolution: "@octokit/plugin-throttling@npm:3.7.0"
  dependencies:
    "@octokit/types": ^6.0.1
    bottleneck: ^2.15.3
  peerDependencies:
    "@octokit/core": ^3.5.0
  checksum: d68fc8c101ff86d0ad2e5e7b023e7bcd1f30c38bfce5300d65ff1ac6e3334d52d8c9f98777ccb335d1eef2a0866a613927aeab51fa20580dc962a7cc36668392
  languageName: node
  linkType: hard

"@octokit/request-error@npm:^2.0.2, @octokit/request-error@npm:^2.0.5, @octokit/request-error@npm:^2.1.0":
  version: 2.1.0
  resolution: "@octokit/request-error@npm:2.1.0"
  dependencies:
    "@octokit/types": ^6.0.3
    deprecation: ^2.0.0
    once: ^1.4.0
  checksum: 0fdf0075bce449f07a376eae9e623f10859943ffcb8db4a97e5052ea09a16a9fc5c009153f750efc6ba3b0ca5f068b975b0d9eca180405533a6af78d318001fd
  languageName: node
  linkType: hard

"@octokit/request@npm:^5.4.14, @octokit/request@npm:^5.6.0, @octokit/request@npm:^5.6.3":
  version: 5.6.3
  resolution: "@octokit/request@npm:5.6.3"
  dependencies:
    "@octokit/endpoint": ^6.0.1
    "@octokit/request-error": ^2.1.0
    "@octokit/types": ^6.16.1
    is-plain-object: ^5.0.0
    node-fetch: ^2.6.7
    universal-user-agent: ^6.0.0
  checksum: d57fad7948d7d605cd153ef34b88e00f66595c6ea0c8ad297226e24662f9a4f802e2308d79a3e5bcf7f6a2077e60ea3f750448baae804de54daddddd19988b47
  languageName: node
  linkType: hard

"@octokit/types@npm:^6.0.1, @octokit/types@npm:^6.0.3, @octokit/types@npm:^6.10.0, @octokit/types@npm:^6.12.2, @octokit/types@npm:^6.16.1, @octokit/types@npm:^6.27.1, @octokit/types@npm:^6.35.0, @octokit/types@npm:^6.36.0":
  version: 6.37.0
  resolution: "@octokit/types@npm:6.37.0"
  dependencies:
    "@octokit/openapi-types": ^12.4.0
  checksum: 93e4a91a096c18f3e1c40f13bb71db96167f12e413431f66fe0f1a8e81e51f2d027e055ffef510923b0ab5eb6495577adfec73045425bdd0eef0fa13c0ca8d84
  languageName: node
  linkType: hard

"@octokit/webhooks-methods@npm:^2.0.0":
  version: 2.0.0
  resolution: "@octokit/webhooks-methods@npm:2.0.0"
  checksum: b99e19cb0734e3e0b8354c6c34327f647f189678453771b415ebd6049978444c7f14ad8a6fa5b4885cf34626fb6848d57287bd2b40dce6f3923926cf0f1e49ad
  languageName: node
  linkType: hard

"@octokit/webhooks-types@npm:5.8.0":
  version: 5.8.0
  resolution: "@octokit/webhooks-types@npm:5.8.0"
  checksum: f922c2b8d099fe67716cc26da34a135bf55b5738b78cd5a0284138e22e9c353dad5bd7b2daeea78fb7fa1efe20b14bedb5c8038f41a310f993af2507c0687a8e
  languageName: node
  linkType: hard

"@octokit/webhooks@npm:^9.0.1":
  version: 9.26.0
  resolution: "@octokit/webhooks@npm:9.26.0"
  dependencies:
    "@octokit/request-error": ^2.0.2
    "@octokit/webhooks-methods": ^2.0.0
    "@octokit/webhooks-types": 5.8.0
    aggregate-error: ^3.1.0
  checksum: 18413069f5ab848f2d9860139ebebe94f42033cd1e7b1ed87520c5ea40e1904e07cd1d7e7705e894dec93b4ab4076cf0d6d9521cb937f7b9d847b4cb2701068f
  languageName: node
  linkType: hard

"@types/aws-lambda@npm:^8.10.83":
  version: 8.10.101
  resolution: "@types/aws-lambda@npm:8.10.101"
  checksum: c1098126a9163416b025fcf3b03d935924d765d999ebf4d80cafec45b6b3bf7d0c191d5bdab2622143605f70985cb7c494bd5b95f8aeeea129e6658c1694f05a
  languageName: node
  linkType: hard

"@types/btoa-lite@npm:^1.0.0":
  version: 1.0.0
  resolution: "@types/btoa-lite@npm:1.0.0"
  checksum: e9f9edf746903f7465924fed3ba45914f1236083897dc3fea30052a40791795e6ea26cdaab717cdc0cb785711a0860c74eb5f476376982b5a365ade1635cb039
  languageName: node
  linkType: hard

"@types/glob@npm:*":
  version: 7.2.0
  resolution: "@types/glob@npm:7.2.0"
  dependencies:
    "@types/minimatch": "*"
    "@types/node": "*"
  checksum: 7ffc39eae2ee62ddbb3062f332cf3abb9f9d0a91821821e032cab9e38a1362f0f6f9eb5c34fb0b40647a25e57884e68462d5fb635810ad9ad12f5f6b2c393f8b
  languageName: node
  linkType: hard

"@types/jsonwebtoken@npm:^8.3.3":
  version: 8.5.8
  resolution: "@types/jsonwebtoken@npm:8.5.8"
  dependencies:
    "@types/node": "*"
  checksum: 811e814ea6d1b5c1dc1360ae0788fe1697888e8f462eabaa68036b0fdc6fef003bc1982b992d73755d51a2bac1ed2858d3fccbf66bfdb2710088b0303f19f31b
  languageName: node
  linkType: hard

"@types/lru-cache@npm:^5.1.0":
  version: 5.1.1
  resolution: "@types/lru-cache@npm:5.1.1"
  checksum: 8f4792a6881e9950ae5a2f354fc00bbc7a5301afbc802ddaf2befa4c0a9ccc48ab2435f5f043dc1ae3db9f4b4120513290c03eed097cb6a25fcb0f781312ec20
  languageName: node
  linkType: hard

"@types/minimatch@npm:*":
  version: 3.0.5
  resolution: "@types/minimatch@npm:3.0.5"
  checksum: 517a8ea1bfad4cc9d2563fc70c3ecd9afb13f9ef2b2cb06f8910989baf199d24f2fc6a8ccaae16a27c856e022b311042ca67ff42ffbda48750f2f84a5bf48716
  languageName: node
  linkType: hard

"@types/node@npm:*":
  version: 18.0.0
  resolution: "@types/node@npm:18.0.0"
  checksum: e531a12807700374d015a41884d489c306f0242785addb483980ebdfbc7c29f28ed51d670265f2882c798b0e7bbc0c1a172e9b9d41d527d5a735136ea3fd348d
  languageName: node
  linkType: hard

"@types/rimraf@npm:^3.0.2":
  version: 3.0.2
  resolution: "@types/rimraf@npm:3.0.2"
  dependencies:
    "@types/glob": "*"
    "@types/node": "*"
  checksum: 9446840037019eedc43d075d6a983316f9d155b2669e4552e7b33b0a7723d5e87a92210aab7990e81926830b6215167298a46cc52f534ad8dac59127c91b4fae
  languageName: node
  linkType: hard

"@types/signale@npm:^1.4.4":
  version: 1.4.4
  resolution: "@types/signale@npm:1.4.4"
  dependencies:
    "@types/node": "*"
  checksum: 433c0695041136705be491c63c51ec69ebfafac2a1d5f8640d3cfe2d82dac836954172c882a2f3cb8eb87d036e8577f5e655f52c171b30d71273dbc9b415b064
  languageName: node
  linkType: hard

"aggregate-error@npm:^3.1.0":
  version: 3.1.0
  resolution: "aggregate-error@npm:3.1.0"
  dependencies:
    clean-stack: ^2.0.0
    indent-string: ^4.0.0
  checksum: 704d2001a303c185e9b836d211f7eef2f4557195a11c3271143b4dcda5f6f263abe746d9b8a06b5871d07870686c7db9c0b2c38e2d3cbc593784eaaee8a29043
  languageName: node
  linkType: hard

"ansi-styles@npm:^3.2.1":
  version: 3.2.1
  resolution: "ansi-styles@npm:3.2.1"
  dependencies:
    color-convert: ^1.9.0
  checksum: 456e1c23d9277512a47718da75e7fbb0a5ee215ef893c2f76d6b3efe8fceabc861121b80b0362146f5f995d21a1633f05a19bbf6283ae66ac11dc3b9c0bed779
  languageName: node
  linkType: hard

"argparse@npm:^1.0.7":
  version: 1.0.10
  resolution: "argparse@npm:1.0.10"
  dependencies:
    sprintf-js: ~1.0.2
  checksum: 435adaef5f6671c3ef1478a22be6fd54bdb99fdbbce8f5561b9cbbb05068ccce87b7df3b9f3322ff52a6ebb9cab2b427cbedac47a07611690a9beaa5184093e2
  languageName: node
  linkType: hard

"aws-lambda@npm:^1.0.7":
  version: 1.0.7
  resolution: "aws-lambda@npm:1.0.7"
  dependencies:
    aws-sdk: ^2.814.0
    commander: ^3.0.2
    js-yaml: ^3.14.1
    watchpack: ^2.0.0-beta.10
  bin:
    lambda: bin/lambda
  checksum: dcfe3aee8b448d4f21f548a0f951a5dddaa067eb29e24fce08dae99fe78957e64fad9ef8b123f25e4bcc20bf0dc32fbc22876f04fd345c5901c977e86646fd3a
  languageName: node
  linkType: hard

"aws-sdk@npm:^2.814.0":
  version: 2.1158.0
  resolution: "aws-sdk@npm:2.1158.0"
  dependencies:
    buffer: 4.9.2
    events: 1.1.1
    ieee754: 1.1.13
    jmespath: 0.16.0
    querystring: 0.2.0
    sax: 1.2.1
    url: 0.10.3
    uuid: 8.0.0
    xml2js: 0.4.19
  checksum: e50e4f5c77568a711be0af55216c5227a7955c71baedf60b58992d14816be3c2c01fc9aeb31ac66f1adfc01868b077bb69284c09324aded6616a5f4ae2611cf3
  languageName: node
  linkType: hard

"balanced-match@npm:^1.0.0":
  version: 1.0.2
  resolution: "balanced-match@npm:1.0.2"
  checksum: 690643f3009a04289ac401079de5a780aae452f7625fb2884051cc847b231e6521ee15dd6430b066d3cf4bd8bb00bb7ff55b7d134f34b8f0b8c043806796f94e
  languageName: node
  linkType: hard

"base64-js@npm:^1.0.2":
  version: 1.5.1
  resolution: "base64-js@npm:1.5.1"
  checksum: c1b41a26ddc6620eb7f1ee6c29c812f5942a4e328e74263f995872cfb8ca3aee08542beb25cd10fd7ef16e4f16603e25c35a26e776c01fd55277e5035e829e0e
  languageName: node
  linkType: hard

"before-after-hook@npm:^2.2.0":
  version: 2.2.2
  resolution: "before-after-hook@npm:2.2.2"
  checksum: 06dd8fc2a1c5c4a16f21d725a7b7d05814d94c4a0a003abe923bb509b3863638efc8ab89515192046dc8d29bbc5dbd3f75fe47a2d3bffbffae427fc976c142bb
  languageName: node
  linkType: hard

"bottleneck@npm:^2.15.3":
  version: 2.19.5
  resolution: "bottleneck@npm:2.19.5"
  checksum: 712d8cf9edabdc0ed02ac03c45f0fc1f033b9e57855584d86b64510adabee7ceb18658d712e2bb6f8c11facda85bfcba01e8df3d05b01dfbbe8f81ca4ab610d5
  languageName: node
  linkType: hard

"brace-expansion@npm:^1.1.7":
  version: 1.1.11
  resolution: "brace-expansion@npm:1.1.11"
  dependencies:
    balanced-match: ^1.0.0
    concat-map: 0.0.1
  checksum: 4c878e25e4858baf801945dfd63eb68feab2e502cf1122f25f3915c0e3bf397af3a93ff6bef0798db41c0d81ef28c08e55daac38058710f749a3b96eee6b8f40
  languageName: node
  linkType: hard

"btoa-lite@npm:^1.0.0":
  version: 1.0.0
  resolution: "btoa-lite@npm:1.0.0"
  checksum: d41fc7dc9f111a0082e1d67554ecdd3add151920bf5f3fbb9bdffd5c67b2e247a8c2a060607e8a2acd518eeb1b75d8a0828c36717f710ceebe0e88eb487a7394
  languageName: node
  linkType: hard

"buffer-equal-constant-time@npm:1.0.1":
  version: 1.0.1
  resolution: "buffer-equal-constant-time@npm:1.0.1"
  checksum: a38a6fead170594b97894658d0e62e3686ccaecea480051c0bf69ba29274eca87203452590c3b6a1b589a7da1baef89420da00a8f08c010675c1dbc25f58edf9
  languageName: node
  linkType: hard

"buffer@npm:4.9.2":
  version: 4.9.2
  resolution: "buffer@npm:4.9.2"
  dependencies:
    base64-js: ^1.0.2
    ieee754: ^1.1.4
    isarray: ^1.0.0
  checksum: e29ecda22aa854008e26a8df294be1e5339a3bec8cbf537a794fecf63a024da68165743bc9afb1524909c74d8b03392e93a9c8fa5c2b064b1b2a52d4680c204e
  languageName: node
  linkType: hard

"chalk@npm:^2.3.2":
  version: 2.4.2
  resolution: "chalk@npm:2.4.2"
  dependencies:
    ansi-styles: ^3.2.1
    escape-string-regexp: ^1.0.5
    supports-color: ^5.3.0
  checksum: 22c7b7b5bc761c882bb6516454a1a671923f1c53ff972860065aa0b28a195f230163c1d46ee88bcc7a03e5539177d896457d8bc727de7f244c6e87032743038e
  languageName: node
  linkType: hard

"clean-stack@npm:^2.0.0":
  version: 2.2.0
  resolution: "clean-stack@npm:2.2.0"
  checksum: e291ce2b8c8c59e6449ac9a7a726090264bea6696e5343b21385e16d279c808ca09d73a1abea8fd23a9b7699e6ef5ce582df203511f71c8c27666bf3b2e300c5
  languageName: node
  linkType: hard

"color-convert@npm:^1.9.0":
  version: 1.9.3
  resolution: "color-convert@npm:1.9.3"
  dependencies:
    color-name: 1.1.3
  checksum: 5f244daa3d1fe1f216d48878c550465067d15268688308554e613b7640a068f96588096d51f0b98b68f15d6ff6bb8ad24e172582ac8c0ad43fa4d3da60fd1b79
  languageName: node
  linkType: hard

"color-name@npm:1.1.3":
  version: 1.1.3
  resolution: "color-name@npm:1.1.3"
  checksum: d8b91bb90aefc05b6ff568cf8889566dcc6269824df6f3c9b8ca842b18d7f4d089c07dc166808d33f22092d4a79167aa56a96a5ff0d21efab548bf44614db43b
  languageName: node
  linkType: hard

"commander@npm:^3.0.2":
  version: 3.0.2
  resolution: "commander@npm:3.0.2"
  checksum: 28071a49d23606c1e31f1f275d2aac9c03833cb3442e04b798ffbcd5f7fb7a1fbfc6b5bc6a69b862df83f475378665623788118d189c254a173248c452bd77a2
  languageName: node
  linkType: hard

"concat-map@npm:0.0.1":
  version: 0.0.1
  resolution: "concat-map@npm:0.0.1"
  checksum: 554e28d9ee5aa6e061795473ee092cb3d3a2cbdb76c35416e0bb6e03f136d7d07676da387b2ed0ec4106cedbb6534080d9abc48ecc4a92b76406cf2d0c3c0c4b
  languageName: node
  linkType: hard

"deprecation@npm:^2.0.0, deprecation@npm:^2.3.1":
  version: 2.3.1
  resolution: "deprecation@npm:2.3.1"
  checksum: 59343a0b927c5b6f67abb899fda68bf42b132c05ef1a985952c1e220c41fe5035b2d54a28c7c2a8b5239075d1dc25c83340242ada75f1c06c1bb047176f05f9b
  languageName: node
  linkType: hard

"dotenv@npm:^16.0.1":
  version: 16.0.1
  resolution: "dotenv@npm:16.0.1"
  checksum: e97e94476c1af74c81966438b7a1b606ef32764d4cffec79d9dae7f1bf25e8f718d630b2ad32ca3193cb6036c4e535c3d87103d94bb87c1b1ec2e9682db482b0
  languageName: node
  linkType: hard

"ecdsa-sig-formatter@npm:1.0.11":
  version: 1.0.11
  resolution: "ecdsa-sig-formatter@npm:1.0.11"
  dependencies:
    safe-buffer: ^5.0.1
  checksum: 9d07775ee274e0ca3978a562e9eba14ce77ecc804d977d0e94525c2aa4a70d909eda5703810955d22fd06fc6312e6aacf85e233eebdabc7b27a0a38fd62902a4
  languageName: node
  linkType: hard

"error-ex@npm:^1.3.1":
  version: 1.3.2
  resolution: "error-ex@npm:1.3.2"
  dependencies:
    is-arrayish: ^0.2.1
  checksum: 6c6c9187429ae867d145bc64c682c7c137b1f8373a406dc3b605c0d92f15b85bfcea02b461dc55ae11b10d013377e1eaf3d469d2861b2f94703c743620a9c08c
  languageName: node
  linkType: hard

"escape-string-regexp@npm:^1.0.5":
  version: 1.0.5
  resolution: "escape-string-regexp@npm:1.0.5"
  checksum: f9484b8b4c8827d816e0fd905c25ed4b561376a9c220e1430403ea84619bf680c76a883a48cff8b8e091daf55d6a497e37479f9787b9f15f3c421b6054289744
  languageName: node
  linkType: hard

"esprima@npm:^4.0.0":
  version: 4.0.1
  resolution: "esprima@npm:4.0.1"
  bin:
    esparse: ./bin/esparse.js
    esvalidate: ./bin/esvalidate.js
  checksum: 5df45a3d9c95c36800d028ba76d8d4e04e199932b58c2939f462f859fd583e7d39b4a12d3f97986cf272a28a5fe5948ee6e49e36ef63f67b5b48d82a635c5081
  languageName: node
  linkType: hard

"events@npm:1.1.1":
  version: 1.1.1
  resolution: "events@npm:1.1.1"
  checksum: ec57b605851d6c4421fb2b0c86af432e87dd94b8b8cd936d74383a19e66a0d7e4af27f6a946ad49dad7e9c66000f3b16ef33e38ec12e31dc69d1b36321bc00ce
  languageName: node
  linkType: hard

"figures@npm:^2.0.0":
  version: 2.0.0
  resolution: "figures@npm:2.0.0"
  dependencies:
    escape-string-regexp: ^1.0.5
  checksum: de1145903784bd0b8bca1716426825d0a608fa81f370e0779047ef3f8d4509896f81435093e62a887717aeed0b8c8a92da7953f7f506ca57e62cf95d12b6c65a
  languageName: node
  linkType: hard

"find-up@npm:^2.0.0":
  version: 2.1.0
  resolution: "find-up@npm:2.1.0"
  dependencies:
    locate-path: ^2.0.0
  checksum: 9dedb89f936b572f7c9fda3f66ebe146b0000fe9ef16fad94a77c25ce9585962e910bb32c1e08bab9b423985ff20221d2af4b7e4130b27c0f5f60c1aad3f6a7f
  languageName: node
  linkType: hard

"fromentries@npm:^1.3.1":
  version: 1.3.2
  resolution: "fromentries@npm:1.3.2"
  checksum: 5cc722e4e3fd333ba75f31dd3ef80b4a6c405d8814e86e343b4676c1483c00f4f29b39aca462d268e918b3316a4fb03cea8022458fd8ad965f251362a129783f
  languageName: node
  linkType: hard

"fs.realpath@npm:^1.0.0":
  version: 1.0.0
  resolution: "fs.realpath@npm:1.0.0"
  checksum: 698a91b1695e3926185c9e5b0dd57cf687dceb4eb73799af91e6b2ab741735e2962c366c5af6403ffddae2619914193bd339efa706fdc984d0ffc74b7a3603f4
  languageName: node
  linkType: hard

"glob-to-regexp@npm:^0.4.1":
  version: 0.4.1
  resolution: "glob-to-regexp@npm:0.4.1"
  checksum: 6093c15d9f92d010998dd7cc7a5ba4e74eea83878d3f8c2616c6935dab9a79bf31ca7ddc214604b84a87c65b9e51481221e325be68f5fe6db8ed27dc76a5230f
  languageName: node
  linkType: hard

"glob@npm:^7.1.3":
  version: 7.2.3
  resolution: "glob@npm:7.2.3"
  dependencies:
    fs.realpath: ^1.0.0
    inflight: ^1.0.4
    inherits: 2
    minimatch: ^3.1.1
    once: ^1.3.0
    path-is-absolute: ^1.0.0
  checksum: 48c72ab438f8fc8aa2135d408d8af167d7bacf175b84d87a60d401cbdc50330aeb602cf16868efd4dbdb249117173394c25d49b2f642dd4764813ee6f9458c6c
  languageName: node
  linkType: hard

"graceful-fs@npm:^4.1.2":
  version: 4.2.10
  resolution: "graceful-fs@npm:4.2.10"
  checksum: f86679a8a53da3d8f10fd9c81a4e22f8064adf56e10a6fdb6a6aa5e6d05fea0067a99e9959c4b939b4a9c39dad02775d977bff4da9fff07d557aea840f72f0e8
  languageName: node
  linkType: hard

"has-flag@npm:^3.0.0":
  version: 3.0.0
  resolution: "has-flag@npm:3.0.0"
  checksum: 63aade480d27aeedb3b5b63a2e069d47d0006bf182338d662e7941cdc024e68a28418e0efa8dc5df30db9c4ee2407f39e6ea3f16cfbc6b83848b450826a28aa0
  languageName: node
  linkType: hard

"ieee754@npm:1.1.13":
  version: 1.1.13
  resolution: "ieee754@npm:1.1.13"
  checksum: 9ef12932e8aeae1c614f314783b3770fac5daae7ae92ebffcda97da58efd77c0289181093666f6048e02c566ceeec4d0edf3b04b57ce8e0b57e9b3814a870469
  languageName: node
  linkType: hard

"ieee754@npm:^1.1.4":
  version: 1.2.1
  resolution: "ieee754@npm:1.2.1"
  checksum: 6c1cfab995ecab3b0dbb6cfb7e192686eb02f0f8e788f2d962e1fc02e2d5ab38a85e06d417221f136bd029663a77cdb920d99605d68d3730a05597dd7910426a
  languageName: node
  linkType: hard

"indent-string@npm:^4.0.0":
  version: 4.0.0
  resolution: "indent-string@npm:4.0.0"
  checksum: 3e54996c6e15ca00a7a4403be705bce4fb3bb4ac637da2e1473006e42a651863f53bfb8c3438c1b3aac77817768ac0cde0e7b7a81a6cf24a1286227a06510dbf
  languageName: node
  linkType: hard

"inflight@npm:^1.0.4":
  version: 1.0.6
  resolution: "inflight@npm:1.0.6"
  dependencies:
    once: ^1.3.0
    wrappy: 1
  checksum: 17c53fc42cbe7f7f471d2bc41b97a0cde4b79a74d5ff59997d3f75210566fa278e17596da526d43de2bd07e222706240ce50e60097e54f2cde2e64cbbb372638
  languageName: node
  linkType: hard

"inherits@npm:2":
  version: 2.0.4
  resolution: "inherits@npm:2.0.4"
  checksum: 98426da247ddfc3dcd7d7daedd90c3ca32d5b08deca08949726f12d49232aef94772a07b36cf4ff833e105ae2ef931777f6de4a6dd8245a216b9299ad4a50bea
  languageName: node
  linkType: hard

"is-arrayish@npm:^0.2.1":
  version: 0.2.1
  resolution: "is-arrayish@npm:0.2.1"
  checksum: fc2bbe14dbcb27b490e63b7fbf0e3b0aae843e5e1fa96d79450bb9617797615a575c78c454ffc8e027c3ad50d63d83e85a7387784979dcd46686d2eb5f412db0
  languageName: node
  linkType: hard

"is-plain-object@npm:^5.0.0":
  version: 5.0.0
  resolution: "is-plain-object@npm:5.0.0"
  checksum: 92bd87f095036fb6ef21fcba4e66734bba1457fc4abece5873bd1fba130c44fa8a4df64a2ef7841da638680af18e1ad2e5fac1095bed3578d0da0afc1f04bcf3
  languageName: node
  linkType: hard

"isarray@npm:^1.0.0":
  version: 1.0.0
  resolution: "isarray@npm:1.0.0"
  checksum: b0ff31a290e783f7b3fb73f2951ee7fc2946dc197b05f73577dc77f87dc3be2e0f66007bedf069123d4e5c4b691e7c89a241f6ca06f0c0f4765cdac5aa4b4047
  languageName: node
  linkType: hard

"jmespath@npm:0.16.0":
  version: 0.16.0
  resolution: "jmespath@npm:0.16.0"
  checksum: d65e8233dc0dbf1ae003df50c3c3676c9c74417ae736f0847efc650f4ff40dd08f92103c30572ba27df67af786f45cc1d6caa114ac6fbee327d7d3652e68acba
  languageName: node
  linkType: hard

"js-yaml@npm:^3.14.1":
  version: 3.14.1
  resolution: "js-yaml@npm:3.14.1"
  dependencies:
    argparse: ^1.0.7
    esprima: ^4.0.0
  bin:
    js-yaml: bin/js-yaml.js
  checksum: 46b61f889796a20d16b0b64580a01b6a02b2e45c1a2744906346da54d07e14cde764e887ab6d1512d8b2541c63711bd4b75859c28eb99605baf59fa173fc38c2
  languageName: node
  linkType: hard

"json-parse-better-errors@npm:^1.0.1":
  version: 1.0.2
  resolution: "json-parse-better-errors@npm:1.0.2"
  checksum: b4c4f0e43b43892af887db742b26f9aa6302b09cd5f6e655ead49fca9f47f3cdd300dcf98cf5218778262be51d7b29859221206fc98b87a1a61c5af7618dae89
  languageName: node
  linkType: hard

"jsonwebtoken@npm:^8.5.1":
  version: 8.5.1
  resolution: "jsonwebtoken@npm:8.5.1"
  dependencies:
    jws: ^3.2.2
    lodash.includes: ^4.3.0
    lodash.isboolean: ^3.0.3
    lodash.isinteger: ^4.0.4
    lodash.isnumber: ^3.0.3
    lodash.isplainobject: ^4.0.6
    lodash.isstring: ^4.0.1
    lodash.once: ^4.0.0
    ms: ^2.1.1
    semver: ^5.6.0
  checksum: ea44bbb7a7abab87eee57711a04093a2a04a5757faa3253f521327b840e07eff751986ed6c20985886c5aaa86245a833aa1eeda6eacb0c3fa9ea4e7074cdb0c3
  languageName: node
  linkType: hard

"jwa@npm:^1.4.1":
  version: 1.4.1
  resolution: "jwa@npm:1.4.1"
  dependencies:
    buffer-equal-constant-time: 1.0.1
    ecdsa-sig-formatter: 1.0.11
    safe-buffer: ^5.0.1
  checksum: e3a6234a3a33b0390c35cc7393890b1ca1bac22382755035ad252f6df9e1272dcf0ff0a717c7865657fc30e04b8d5ab07ea27e26f0763c60c557946963402752
  languageName: node
  linkType: hard

"jws@npm:^3.2.2":
  version: 3.2.2
  resolution: "jws@npm:3.2.2"
  dependencies:
    jwa: ^1.4.1
    safe-buffer: ^5.0.1
  checksum: 3990b26ebb6f368bf6c53bf580cd327f207052adedeb7900dde665e143fff9ea5d96d0b4282e85a631a6e3af76ada281a1ccc450b1916d579d07e9d36b564a19
  languageName: node
  linkType: hard

"load-json-file@npm:^4.0.0":
  version: 4.0.0
  resolution: "load-json-file@npm:4.0.0"
  dependencies:
    graceful-fs: ^4.1.2
    parse-json: ^4.0.0
    pify: ^3.0.0
    strip-bom: ^3.0.0
  checksum: 692f33387be2439e920e394a70754499c22eabe567f55fee7c0a8994c050e27360c1b39c5375d214539ebb7d609d28e69f6bd6e3c070d30bc202c99289e27f96
  languageName: node
  linkType: hard

"locate-path@npm:^2.0.0":
  version: 2.0.0
  resolution: "locate-path@npm:2.0.0"
  dependencies:
    p-locate: ^2.0.0
    path-exists: ^3.0.0
  checksum: ee5a888d686f8d555ebfa6c4f6f3b7c5cdfa5f382dee17e0b3fde7456fc68301ddb6a79790a412659d1e067f2f58fd74c683b203fc20368deaed45fb985b4fda
  languageName: node
  linkType: hard

"lodash.includes@npm:^4.3.0":
  version: 4.3.0
  resolution: "lodash.includes@npm:4.3.0"
  checksum: 20d6b1bf7841a4eb21bcb124641a1d5fb368e3c86fb8834d80149ec92caef67f3bf316405e4ec309591f0a83e461cebb7b43b2b57d00fd45d1eb3009fe13be97
  languageName: node
  linkType: hard

"lodash.isboolean@npm:^3.0.3":
  version: 3.0.3
  resolution: "lodash.isboolean@npm:3.0.3"
  checksum: e5b7a921f47759773266e66664e4a54f2438cc213fe336c5b96321d4328ebb2785e939bbcd07b29d5a20cdc6140d471abae1e94cdfb25937dc91ddc5150f41a0
  languageName: node
  linkType: hard

"lodash.isinteger@npm:^4.0.4":
  version: 4.0.4
  resolution: "lodash.isinteger@npm:4.0.4"
  checksum: a29551cc9aaaf24cc4fdd7ce1734c7a19c748c704f061ef079f6026dc9666ac10e8ae08e4f0cd3aeb6094e20be043a7402c72ce70cbae9ea6ecce67ad997332c
  languageName: node
  linkType: hard

"lodash.isnumber@npm:^3.0.3":
  version: 3.0.3
  resolution: "lodash.isnumber@npm:3.0.3"
  checksum: a33b10bf57dd27b32aac0bb4159d3f40db6b294095f42d7ff9f966a004932cdcc12417bf0750a9d3ac0c62690dd020d7d227b05ef486a8c9061963acf2ea3fad
  languageName: node
  linkType: hard

"lodash.isplainobject@npm:^4.0.6":
  version: 4.0.6
  resolution: "lodash.isplainobject@npm:4.0.6"
  checksum: 72a114b610ec32a42b8cb47680d1729398caea0ee0631c0b220b97b21e7df19312377cb077acb6593bf6c5abdbdb43c530aa66b440e30d53324986d386808cd0
  languageName: node
  linkType: hard

"lodash.isstring@npm:^4.0.1":
  version: 4.0.1
  resolution: "lodash.isstring@npm:4.0.1"
  checksum: 20c46960b74fd63c27b534f1725cd4141ac19b35c7250affee37c8b7899b1a4c5e9820becfafe571a4d48cd4c86206ee03c2e93fe943dbeab82ddd5cab710540
  languageName: node
  linkType: hard

"lodash.once@npm:^4.0.0":
  version: 4.1.1
  resolution: "lodash.once@npm:4.1.1"
  checksum: 236e00ca5f20304fab5b38aa3aedb034959153dae6edf33d7f9b00406ced8f24ed232a74f1200505d9049165ceea2ce1256199e1683b0a25e9de89091d4b13c2
  languageName: node
  linkType: hard

"lru-cache@npm:^6.0.0":
  version: 6.0.0
  resolution: "lru-cache@npm:6.0.0"
  dependencies:
    yallist: ^4.0.0
  checksum: b8b78353d2391c0f135cdc245c4744ad41c2efb1a6d98f31bc57a2cf48ebf02de96e4876657c3026673576bf1f1f61fc3fdd77ab00ad1ead737537bf17d8019d
  languageName: node
  linkType: hard

"minimatch@npm:^3.1.1":
  version: 3.1.2
  resolution: "minimatch@npm:3.1.2"
  dependencies:
    brace-expansion: ^1.1.7
  checksum: 1a7584a6de279285a62c3b0ab2f3effde12566a5df983fb2a4f2eb9262f44238c7e2c692f202b075dc3df79c9a8479a22833cc28c841e98fa3ef989b1ceb264e
  languageName: node
  linkType: hard

"ms@npm:^2.1.1":
  version: 2.1.3
  resolution: "ms@npm:2.1.3"
  checksum: 6e721e648a544154d5de4c114b32f573d8027ca8ec505cf6c1105e505986d6ac46934a1256735aa0eece8eb2f5b2a1230503b2dddd3b100f9f016fd8a4f15f33
  languageName: node
  linkType: hard

"node-fetch@npm:^2.6.7":
  version: 2.6.7
  resolution: "node-fetch@npm:2.6.7"
  dependencies:
    whatwg-url: ^5.0.0
  peerDependencies:
    encoding: ^0.1.0
  peerDependenciesMeta:
    encoding:
      optional: true
  checksum: 9eef3f9934c690719ece12c1a7e97109bbdbb90a63bbcca57da93a7ee1aa03723ee3d2fffbbea937d7c1ec6e2ba9beb659ab232a9ae6acc42f1a646e0284c136
  languageName: node
  linkType: hard

"octokit@npm:^1.8.0":
  version: 1.8.0
  resolution: "octokit@npm:1.8.0"
  dependencies:
    "@octokit/app": ^12.0.4
    "@octokit/core": ^3.5.1
    "@octokit/oauth-app": ^3.5.1
    "@octokit/plugin-paginate-rest": ^2.18.0
    "@octokit/plugin-rest-endpoint-methods": ^5.14.0
    "@octokit/plugin-retry": ^3.0.9
    "@octokit/plugin-throttling": ^3.5.1
    "@octokit/types": ^6.35.0
  checksum: b3f74ebf8ae7bb6e36c733b01315b4fc123e89720bec117bb61f1260f8ed5787971689d8ff7774a25737f848f9b3dd5ca1e13d9514b128aefd566924eab82b75
  languageName: node
  linkType: hard

"once@npm:^1.3.0, once@npm:^1.4.0":
  version: 1.4.0
  resolution: "once@npm:1.4.0"
  dependencies:
    wrappy: 1
  checksum: 57afc246536cf6494437f982b26475f22bee860f8b77ce8eb1543f42a8bffe04b2c66ddfea9a16cb25ccb80943f8ee4fc639367ef97b7a6a4f2672eb573963f5
  languageName: node
  linkType: hard

"p-limit@npm:^1.1.0":
  version: 1.3.0
  resolution: "p-limit@npm:1.3.0"
  dependencies:
    p-try: ^1.0.0
  checksum: 579cbd3d6c606058aa624c464e2cb3c4b56d04ed4cbafdb705633cbe62ba36d77ba2c4289023335ba382f4fbf32c15709465eea18a0e1547c5ebc4b887f2a7da
  languageName: node
  linkType: hard

"p-locate@npm:^2.0.0":
  version: 2.0.0
  resolution: "p-locate@npm:2.0.0"
  dependencies:
    p-limit: ^1.1.0
  checksum: b6dabbd855fba9bfa74b77882f96d0eac6c25d9966e61ab0ed7bf3d19f2e3b766f290ded1aada1ac4ce2627217b00342cf7a1d36482bada59ba6789be412dad7
  languageName: node
  linkType: hard

"p-try@npm:^1.0.0":
  version: 1.0.0
  resolution: "p-try@npm:1.0.0"
  checksum: 85739d77b3e9f6a52a8545f1adc53621fb5df4d6ef9b59a3f54f3f3159b45c4100d4e63128a1e790e9ff8ff8b86213ace314ff6d2d327c3edcceea18891baa42
  languageName: node
  linkType: hard

"parse-json@npm:^4.0.0":
  version: 4.0.0
  resolution: "parse-json@npm:4.0.0"
  dependencies:
    error-ex: ^1.3.1
    json-parse-better-errors: ^1.0.1
  checksum: fa9d23708f562c447f2077c6007938334a16e772c5a9b25a6eb1853d792bc34560b483bb6079143040bc89e5476288dd2edd5a60024722986e3e434d326218c9
  languageName: node
  linkType: hard

"path-exists@npm:^3.0.0":
  version: 3.0.0
  resolution: "path-exists@npm:3.0.0"
  checksum: 09683e92bafb5657838217cce04e4f2f0530c274bc357c995c3231461030566e9f322b9a8bcc1ea810996e250d9a293ca36dd78dbdd6bfbee42e85a94772d6d5
  languageName: node
  linkType: hard

"path-is-absolute@npm:^1.0.0":
  version: 1.0.1
  resolution: "path-is-absolute@npm:1.0.1"
  checksum: 907e1e3e6ac0aef6e65adffd75b3892191d76a5b94c5cf26b43667c4240531d11872ca6979c209b2e5e1609f7f579d02f64ba9936b48bb59d36cc529f0d965ed
  languageName: node
  linkType: hard

"pify@npm:^3.0.0":
  version: 3.0.0
  resolution: "pify@npm:3.0.0"
  checksum: 18af2b29148c4d6fd4c7741dbd953ff76beea17d1b4a6d5792d7ff1d7202f43671c3f29313aa5ec01a66d050dbdbb0cf23f17de69531da8dc8bda42d327cf960
  languageName: node
  linkType: hard

"pkg-conf@npm:^2.1.0":
  version: 2.1.0
  resolution: "pkg-conf@npm:2.1.0"
  dependencies:
    find-up: ^2.0.0
    load-json-file: ^4.0.0
  checksum: efcf341ad8ff400972053ec939262260c68a830935729334ee6deef561439d66e258ac4946096de2297f56161143b613f35d350fe20493e1bc82854d08039355
  languageName: node
  linkType: hard

"punycode@npm:1.3.2":
  version: 1.3.2
  resolution: "punycode@npm:1.3.2"
  checksum: e67fddacd83b918ca2f4a47b1fd13858108779cdc2a3f2db3233ff82a25f9305d46e1d9891f7b9ad21ed36454adfc675d4559621fcffed2cf2067abd04e121cd
  languageName: node
  linkType: hard

"querystring@npm:0.2.0":
  version: 0.2.0
  resolution: "querystring@npm:0.2.0"
  checksum: 1e76c51462f0ffb148e0b2fdeb811f61377800298605229d32efcdaaaf0a8fd4314a4b4405e1fbf130a5ca421c0e51f926fab5bb9f8b9b3b8c394f4e2d33d3d1
  languageName: node
  linkType: hard

"rimraf@npm:^3.0.2":
  version: 3.0.2
  resolution: "rimraf@npm:3.0.2"
  dependencies:
    glob: ^7.1.3
  bin:
    rimraf: bin.js
  checksum: f0de3e445581e64a8a077af476cc30708e659f5779ec2ca2a161556d0792aa318a685923798ae22055b4ecd02b9aff444ef619578f7af53cf8e0e248031e3dee
  languageName: node
  linkType: hard

"safe-buffer@npm:^5.0.1":
  version: 5.2.1
  resolution: "safe-buffer@npm:5.2.1"
  checksum: 0bb57f0d8f9d1fa4fe35ad8a2db1f83a027d48f2822d59ede88fd5cd4ddad83c0b497213feb7a70fbf90597a70c5217f735b0eb1850df40ce9b4ae81dd22b3f9
  languageName: node
  linkType: hard

"sax@npm:1.2.1":
  version: 1.2.1
  resolution: "sax@npm:1.2.1"
  checksum: 66b63899332b663ad46800968c0ed30a12a0444d0acf83981488bab37e94f0933d6204e5fd2323cfd17950afad23660c3cbd218e33d7da8fe607e28efcd1fc0e
  languageName: node
  linkType: hard

"sax@npm:>=0.6.0":
  version: 1.2.4
  resolution: "sax@npm:1.2.4"
  checksum: 9d7668d69105e89e2c1a4b2fdc12c72e1a2f78b825f7b4a8a2ea5cdfebf70920bd17715bed55264c3b3959616a0695f8ad2d098bf6944fbd0953ee9c695dceef
  languageName: node
  linkType: hard

"semver@npm:^5.6.0":
  version: 5.7.1
  resolution: "semver@npm:5.7.1"
  bin:
    semver: ./bin/semver
  checksum: 06ff0ed753ebf741b7602be8faad620d6e160a2cb3f61019d00d919c8bca141638aa23c34da779b8595afdc9faa3678bfbb5f60366b6a4f65f98cf86605bbcdb
  languageName: node
  linkType: hard

"signale@npm:^1.4.0":
  version: 1.4.0
  resolution: "signale@npm:1.4.0"
  dependencies:
    chalk: ^2.3.2
    figures: ^2.0.0
    pkg-conf: ^2.1.0
  checksum: cf592d546545fdefb4ebec69badbc3aa9128d660230930a327b4ecbdbfff19f55326d31a8bd7297cdbaefb43419d5fc0ce0b9a3bdcbc8f67b36d576ca77ed38a
  languageName: node
  linkType: hard

"sprintf-js@npm:~1.0.2":
  version: 1.0.3
  resolution: "sprintf-js@npm:1.0.3"
  checksum: 51df1bce9e577287f56822d79ac5bd94f6c634fccf193895f2a1d2db2e975b6aa7bc97afae9cf11d49b7c37fe4afc188ff5c4878be91f2c86eabd11c5df8b62c
  languageName: node
  linkType: hard

"strip-bom@npm:^3.0.0":
  version: 3.0.0
  resolution: "strip-bom@npm:3.0.0"
  checksum: 361dd1dd08ae626940061570d20bcf73909d0459734b8880eb3d14176aa28f41cf85d13af036c323ce739e04ef3930a71b516950c5985b318bae3757ecb2974c
  languageName: node
  linkType: hard

"supports-color@npm:^5.3.0":
  version: 5.5.0
  resolution: "supports-color@npm:5.5.0"
  dependencies:
    has-flag: ^3.0.0
  checksum: edacee6425498440744c418be94b0660181aad2a1828bcf2be85c42bd385da2fd8b2b358d9b62b0c5b03ff5cd3e992458d7b8f879d9fb42f2201fe05a4848a29
  languageName: node
  linkType: hard

"tr46@npm:~0.0.3":
  version: 0.0.3
  resolution: "tr46@npm:0.0.3"
  checksum: 37bdfff7c5b5f8feeb0d06d3fda1d8474d8b08a9f0bf453fd339eb0dc13939ed5a2b24d29d9a308674d6a7267a3a4f3a95e91538b87d0e76c14d83c33899a29f
  languageName: node
  linkType: hard

"universal-github-app-jwt@npm:^1.0.1":
  version: 1.1.0
  resolution: "universal-github-app-jwt@npm:1.1.0"
  dependencies:
    "@types/jsonwebtoken": ^8.3.3
    jsonwebtoken: ^8.5.1
  checksum: e0e8e26cd4bcdb34fb630e278d6a36a564ad5a47207bd0f3eed235f7cb9e0776fa4b2949019e7155302805c87fbd6df92b8391e86c557a319e138fcc7ad4c03d
  languageName: node
  linkType: hard

"universal-user-agent@npm:^6.0.0":
  version: 6.0.0
  resolution: "universal-user-agent@npm:6.0.0"
  checksum: 725797ab636f1786a824f805eca2b227019ae8e82fdbe03e3e26a7f2917669bfcf7ef723c7d4b2c60a5e1603108d32bec3987b4f52821360523cb609fb7ae782
  languageName: node
  linkType: hard

"url@npm:0.10.3":
  version: 0.10.3
  resolution: "url@npm:0.10.3"
  dependencies:
    punycode: 1.3.2
    querystring: 0.2.0
  checksum: 4c197edb8280fd9bb49db060aa7519ce29c8ae979fafa1c94a56ad0e067dc9da86079f0af0cebeead5b6ea7c0629144830009c28f415e19d0ccd20ddbdb310b7
  languageName: node
  linkType: hard

"uuid@npm:8.0.0":
  version: 8.0.0
  resolution: "uuid@npm:8.0.0"
  bin:
    uuid: dist/bin/uuid
  checksum: 22da594669649efaa4b2ba80a6c612cf267a5f72c1159fed83d4450c12e4dc16a214dae5f757eb455971539b099af3b5ff5e1c06d9a4f20318db7a3e3bf46b18
  languageName: node
  linkType: hard

"watchpack@npm:^2.0.0-beta.10":
  version: 2.4.0
  resolution: "watchpack@npm:2.4.0"
  dependencies:
    glob-to-regexp: ^0.4.1
    graceful-fs: ^4.1.2
  checksum: 089870a1f111157784283764b92a9660e73b9707c767dc8a3c992a1bd9994208fd2ca7bf051a3070f4d91a0f20ffab21e7f318284efac1b8b072b6f234e61766
  languageName: node
  linkType: hard

"webidl-conversions@npm:^3.0.0":
  version: 3.0.1
  resolution: "webidl-conversions@npm:3.0.1"
  checksum: 25ef547ff199f5a942f367f86c92b79bad77c27ad9baa51ed994de4ee91834d6246a120e24c4d6f2c6aba6b940238a5f6a0ed5f5ab0f24f6a863a2be75dd7644
  languageName: node
  linkType: hard

"whatwg-url@npm:^5.0.0":
  version: 5.0.0
  resolution: "whatwg-url@npm:5.0.0"
  dependencies:
    tr46: ~0.0.3
    webidl-conversions: ^3.0.0
  checksum: 55eca009f57013000f73721611e14cf7215bf2f19e9950b06f3214cfbd29f06eeea759748fa09016a05dca72a2213e49333ef4cbc911ba236a427a0b0060f415
  languageName: node
  linkType: hard

"wrappy@npm:1":
  version: 1.0.2
  resolution: "wrappy@npm:1.0.2"
  checksum: 519fcda0fcdf0c16327be2de9d98646742307bc830277e8868529fcf7566f2b330a6453c233e0cdcb767d5838dd61a90984a02ecc983bcddebea5ad0833bbf98
  languageName: node
  linkType: hard

"xml2js@npm:0.4.19":
  version: 0.4.19
  resolution: "xml2js@npm:0.4.19"
  dependencies:
    sax: ">=0.6.0"
    xmlbuilder: ~9.0.1
  checksum: 1c3b667a0b865fd9a086b0d01b317d95af2bb5aef837e5f3c54a3cb9283350b4be0ea7b88723e488f586bac4b4ca711b108878c45cc69f175b0d14b2c142a4dc
  languageName: node
  linkType: hard

"xmlbuilder@npm:~9.0.1":
  version: 9.0.7
  resolution: "xmlbuilder@npm:9.0.7"
  checksum: aeef38b26bcfe0ddec25d8751a1e8980cf4ea63f327c123ed64dd29ffd1e8a57b6bc99be57dab1f99064c97ba3b140ed1454cfbeeab651f1e264d74b2d6f2b7f
  languageName: node
  linkType: hard

"yallist@npm:^4.0.0":
  version: 4.0.0
  resolution: "yallist@npm:4.0.0"
  checksum: a2960ef879af6ee67a76cae29bac9d8bffeb6e9e366c217dbd21464e7fce071933705544724f47e90ba5209cf9c83c17d5582dd04415d86747a826b2a231efb8
  languageName: node
  linkType: hard

"yaml@npm:^2.1.1":
  version: 2.1.1
  resolution: "yaml@npm:2.1.1"
  checksum: 44d84b45ac19dc0c49fe9adda511867dd113ece0f57d35febbb5d517de1a9f03a3ff3df6bb019b10cbe188d7be8ea3021cbc0ef578fe21d9c4e5cdf1c7a85317
  languageName: node
  linkType: hard
